
Microsoft Visual Studio Solution File, Format Version 12.00
# Visual Studio 2012
Project("{FAE04EC0-301F-11D3-BF4B-00C04F79EFBC}") = "RussianCube", "RussianCube\RussianCube.csproj", "{00829C60-5C23-48E2-9178-6D6DACF0E596}"
EndProject
Global
	GlobalSection(SolutionConfigurationPlatforms) = preSolution
		Debug|Any CPU = Debug|Any CPU
		Release|Any CPU = Release|Any CPU
	EndGlobalSection
	GlobalSection(ProjectConfigurationPlatforms) = postSolution
		{00829C60-5C23-48E2-9178-6D6DACF0E596}.Debug|Any CPU.ActiveCfg = Debug|Any CPU
		{00829C60-5C23-48E2-9178-6D6DACF0E596}.Debug|Any CPU.Build.0 = Debug|Any CPU
		{00829C60-5C23-48E2-9178-6D6DACF0E596}.Release|Any CPU.ActiveCfg = Release|Any CPU
		{00829C60-5C23-48E2-9178-6D6DACF0E596}.Release|Any CPU.Build.0 = Release|Any CPU
	EndGlobalSection
	GlobalSection(SolutionProperties) = preSolution
		HideSolutionNode = FALSE
	EndGlobalSection
EndGlobal
